# THIS IS AN AUTOGENERATED FILE. DO NOT EDIT THIS FILE DIRECTLY.
# yarn lockfile v1


rome@^10.0.3-beta:
  version "10.0.3-beta"
  resolved "https://registry.yarnpkg.com/rome/-/rome-10.0.3-beta.tgz#631b7f1d3f2e951026dc04f96d68d3dd677c5b79"
  integrity sha512-X/H8iZt+yJr1M9sU4F4sIBOBSUNZdlR2rZvIPNaOKkIT7lNvZSnTiLHVYsa6Ffc7COLa1pBbjSfCcx+7FZEp2A==
